// !$*UTF8*$!
{
	archiveVersion = 1;
	classes = {
	};
	objectVersion = 46;
	objects = {

/* Begin PBXBuildFile section */
		60C567391E696909003F3717 /* AppDelegate.swift in Sources */ = {isa = PBXBuildFile; fileRef = 60C567381E696909003F3717 /* AppDelegate.swift */; };
		60C5673B1E696909003F3717 /* ViewController.swift in Sources */ = {isa = PBXBuildFile; fileRef = 60C5673A1E696909003F3717 /* ViewController.swift */; };
		60C5673E1E696909003F3717 /* Main.storyboard in Resources */ = {isa = PBXBuildFile; fileRef = 60C5673C1E696909003F3717 /* Main.storyboard */; };
		60C567401E696909003F3717 /* Assets.xcassets in Resources */ = {isa = PBXBuildFile; fileRef = 60C5673F1E696909003F3717 /* Assets.xcassets */; };
		60C567431E696909003F3717 /* LaunchScreen.storyboard in Resources */ = {isa = PBXBuildFile; fileRef = 60C567411E696909003F3717 /* LaunchScreen.storyboard */; };
		60C5674B1E69692F003F3717 /* SnippetData.swift in Sources */ = {isa = PBXBuildFile; fileRef = 60C5674A1E69692F003F3717 /* SnippetData.swift */; };
		60C5674D1E6DA62C003F3717 /* TextSnippetEntryViewController.swift in Sources */ = {isa = PBXBuildFile; fileRef = 60C5674C1E6DA62C003F3717 /* TextSnippetEntryViewController.swift */; };
		60D536B71E730E98004CDD4C /* TextSnippetCell.swift in Sources */ = {isa = PBXBuildFile; fileRef = 60D536B61E730E98004CDD4C /* TextSnippetCell.swift */; };
		60D536B91E730EA2004CDD4C /* PhotoSnippetCell.swift in Sources */ = {isa = PBXBuildFile; fileRef = 60D536B81E730EA2004CDD4C /* PhotoSnippetCell.swift */; };
/* End PBXBuildFile section */

/* Begin PBXFileReference section */
		60C567351E696908003F3717 /* Snippet.app */ = {isa = PBXFileReference; explicitFileType = wrapper.application; includeInIndex = 0; path = Snippet.app; sourceTree = BUILT_PRODUCTS_DIR; };
		60C567381E696909003F3717 /* AppDelegate.swift */ = {isa = PBXFileReference; lastKnownFileType = sourcecode.swift; path = AppDelegate.swift; sourceTree = "<group>"; };
		60C5673A1E696909003F3717 /* ViewController.swift */ = {isa = PBXFileReference; lastKnownFileType = sourcecode.swift; path = ViewController.swift; sourceTree = "<group>"; };
		60C5673D1E696909003F3717 /* Base */ = {isa = PBXFileReference; lastKnownFileType = file.storyboard; name = Base; path = Base.lproj/Main.storyboard; sourceTree = "<group>"; };
		60C5673F1E696909003F3717 /* Assets.xcassets */ = {isa = PBXFileReference; lastKnownFileType = folder.assetcatalog; path = Assets.xcassets; sourceTree = "<group>"; };
		60C567421E696909003F3717 /* Base */ = {isa = PBXFileReference; lastKnownFileType = file.storyboard; name = Base; path = Base.lproj/LaunchScreen.storyboard; sourceTree = "<group>"; };
		60C567441E696909003F3717 /* Info.plist */ = {isa = PBXFileReference; lastKnownFileType = text.plist.xml; path = Info.plist; sourceTree = "<group>"; };
		60C5674A1E69692F003F3717 /* SnippetData.swift */ = {isa = PBXFileReference; fileEncoding = 4; lastKnownFileType = sourcecode.swift; path = SnippetData.swift; sourceTree = "<group>"; };
		60C5674C1E6DA62C003F3717 /* TextSnippetEntryViewController.swift */ = {isa = PBXFileReference; fileEncoding = 4; lastKnownFileType = sourcecode.swift; path = TextSnippetEntryViewController.swift; sourceTree = "<group>"; };
		60D536B61E730E98004CDD4C /* TextSnippetCell.swift */ = {isa = PBXFileReference; fileEncoding = 4; lastKnownFileType = sourcecode.swift; path = TextSnippetCell.swift; sourceTree = "<group>"; };
		60D536B81E730EA2004CDD4C /* PhotoSnippetCell.swift */ = {isa = PBXFileReference; fileEncoding = 4; lastKnownFileType = sourcecode.swift; path = PhotoSnippetCell.swift; sourceTree = "<group>"; };
/* End PBXFileReference section */

/* Begin PBXFrameworksBuildPhase section */
		60C567321E696908003F3717 /* Frameworks */ = {
			isa = PBXFrameworksBuildPhase;
			buildActionMask = 2147483647;
			files = (
			);
			runOnlyForDeploymentPostprocessing = 0;
		};
/* End PBXFrameworksBuildPhase section */

/* Begin PBXGroup section */
		60C5672C1E696908003F3717 = {
			isa = PBXGroup;
			children = (
				60C567371E696909003F3717 /* Snippet */,
				60C567361E696908003F3717 /* Products */,
			);
			sourceTree = "<group>";
		};
		60C567361E696908003F3717 /* Products */ = {
			isa = PBXGroup;
			children = (
				60C567351E696908003F3717 /* Snippet.app */,
			);
			name = Products;
			sourceTree = "<group>";
		};
		60C567371E696909003F3717 /* Snippet */ = {
			isa = PBXGroup;
			children = (
				60C567381E696909003F3717 /* AppDelegate.swift */,
				60C5673A1E696909003F3717 /* ViewController.swift */,
				60C5673C1E696909003F3717 /* Main.storyboard */,
				60D536B61E730E98004CDD4C /* TextSnippetCell.swift */,
				60D536B81E730EA2004CDD4C /* PhotoSnippetCell.swift */,
				60C5673F1E696909003F3717 /* Assets.xcassets */,
				60C567411E696909003F3717 /* LaunchScreen.storyboard */,
				60C567441E696909003F3717 /* Info.plist */,
				60C5674A1E69692F003F3717 /* SnippetData.swift */,
				60C5674C1E6DA62C003F3717 /* TextSnippetEntryViewController.swift */,
			);
			path = Snippet;
			sourceTree = "<group>";
		};
/* End PBXGroup section */

/* Begin PBXNativeTarget section */
		60C567341E696908003F3717 /* Snippet */ = {
			isa = PBXNativeTarget;
			buildConfigurationList = 60C567471E696909003F3717 /* Build configuration list for PBXNativeTarget "Snippet" */;
			buildPhases = (
				60C567311E696908003F3717 /* Sources */,
				60C567321E696908003F3717 /* Frameworks */,
				60C567331E696908003F3717 /* Resources */,
			);
			buildRules = (
			);
			dependencies = (
			);
			name = Snippet;
			productName = Snippet;
			productReference = 60C567351E696908003F3717 /* Snippet.app */;
			productType = "com.apple.product-type.application";
		};
/* End PBXNativeTarget section */

/* Begin PBXProject section */
		60C5672D1E696908003F3717 /* Project object */ = {
			isa = PBXProject;
			attributes = {
				LastSwiftUpdateCheck = 0820;
				LastUpgradeCheck = 0820;
				ORGANIZATIONNAME = "Frequent Flyer";
				TargetAttributes = {
					60C567341E696908003F3717 = {
						CreatedOnToolsVersion = 8.2.1;
						DevelopmentTeam = XY2ER2LUTA;
						ProvisioningStyle = Automatic;
					};
				};
			};
			buildConfigurationList = 60C567301E696908003F3717 /* Build configuration list for PBXProject "Snippet" */;
			compatibilityVersion = "Xcode 3.2";
			developmentRegion = English;
			hasScannedForEncodings = 0;
			knownRegions = (
				en,
				Base,
			);
			mainGroup = 60C5672C1E696908003F3717;
			productRefGroup = 60C567361E696908003F3717 /* Products */;
			projectDirPath = "";
			projectRoot = "";
			targets = (
				60C567341E696908003F3717 /* Snippet */,
			);
		};
/* End PBXProject section */

/* Begin PBXResourcesBuildPhase section */
		60C567331E696908003F3717 /* Resources */ = {
			isa = PBXResourcesBuildPhase;
			buildActionMask = 2147483647;
			files = (
				60C567431E696909003F3717 /* LaunchScreen.storyboard in Resources */,
				60C567401E696909003F3717 /* Assets.xcassets in Resources */,
				60C5673E1E696909003F3717 /* Main.storyboard in Resources */,
			);
			runOnlyForDeploymentPostprocessing = 0;
		};
/* End PBXResourcesBuildPhase section */

/* Begin PBXSourcesBuildPhase section */
		60C567311E696908003F3717 /* Sources */ = {
			isa = PBXSourcesBuildPhase;
			buildActionMask = 2147483647;
			files = (
				60D536B71E730E98004CDD4C /* TextSnippetCell.swift in Sources */,
				60C5674D1E6DA62C003F3717 /* TextSnippetEntryViewController.swift in Sources */,
				60C5673B1E696909003F3717 /* ViewController.swift in Sources */,
				60C567391E696909003F3717 /* AppDelegate.swift in Sources */,
				60D536B91E730EA2004CDD4C /* PhotoSnippetCell.swift in Sources */,
				60C5674B1E69692F003F3717 /* SnippetData.swift in Sources */,
			);
			runOnlyForDeploymentPostprocessing = 0;
		};
/* End PBXSourcesBuildPhase section */

/* Begin PBXVariantGroup section */
		60C5673C1E696909003F3717 /* Main.storyboard */ = {
			isa = PBXVariantGroup;
			children = (
				60C5673D1E696909003F3717 /* Base */,
			);
			name = Main.storyboard;
			sourceTree = "<group>";
		};
		60C567411E696909003F3717 /* LaunchScreen.storyboard */ = {
			isa = PBXVariantGroup;
			children = (
				60C567421E696909003F3717 /* Base */,
			);
			name = LaunchScreen.storyboard;
			sourceTree = "<group>";
		};
/* End PBXVariantGroup section */

/* Begin XCBuildConfiguration section */
		60C567451E696909003F3717 /* Debug */ = {
			isa = XCBuildConfiguration;
			buildSettings = {
				ALWAYS_SEARCH_USER_PATHS = NO;
				CLANG_ANALYZER_NONNULL = YES;
				CLANG_CXX_LANGUAGE_STANDARD = "gnu++0x";
				CLANG_CXX_LIBRARY = "libc++";
				CLANG_ENABLE_MODULES = YES;
				CLANG_ENABLE_OBJC_ARC = YES;
				CLANG_WARN_BOOL_CONVERSION = YES;
				CLANG_WARN_CONSTANT_CONVERSION = YES;
				CLANG_WARN_DIRECT_OBJC_ISA_USAGE = YES_ERROR;
				CLANG_WARN_DOCUMENTATION_COMMENTS = YES;
				CLANG_WARN_EMPTY_BODY = YES;
				CLANG_WARN_ENUM_CONVERSION = YES;
				CLANG_WARN_INFINITE_RECURSION = YES;
				CLANG_WARN_INT_CONVERSION = YES;
				CLANG_WARN_OBJC_ROOT_CLASS = YES_ERROR;
				CLANG_WARN_SUSPICIOUS_MOVE = YES;
				CLANG_WARN_UNREACHABLE_CODE = YES;
				CLANG_WARN__DUPLICATE_METHOD_MATCH = YES;
				"CODE_SIGN_IDENTITY[sdk=iphoneos*]" = "iPhone Developer";
				COPY_PHASE_STRIP = NO;
				DEBUG_INFORMATION_FORMAT = dwarf;
				ENABLE_STRICT_OBJC_MSGSEND = YES;
				ENABLE_TESTABILITY = YES;
				GCC_C_LANGUAGE_STANDARD = gnu99;
				GCC_DYNAMIC_NO_PIC = NO;
				GCC_NO_COMMON_BLOCKS = YES;
				GCC_OPTIMIZATION_LEVEL = 0;
				GCC_PREPROCESSOR_DEFINITIONS = (
					"DEBUG=1",
					"$(inherited)",
				);
				GCC_WARN_64_TO_32_BIT_CONVERSION = YES;
				GCC_WARN_ABOUT_RETURN_TYPE = YES_ERROR;
				GCC_WARN_UNDECLARED_SELECTOR = YES;
				GCC_WARN_UNINITIALIZED_AUTOS = YES_AGGRESSIVE;
				GCC_WARN_UNUSED_FUNCTION = YES;
				GCC_WARN_UNUSED_VARIABLE = YES;
				IPHONEOS_DEPLOYMENT_TARGET = 10.2;
				MTL_ENABLE_DEBUG_INFO = YES;
				ONLY_ACTIVE_ARCH = YES;
				SDKROOT = iphoneos;
				SWIFT_ACTIVE_COMPILATION_CONDITIONS = DEBUG;
				SWIFT_OPTIMIZATION_LEVEL = "-Onone";
			};
			name = Debug;
		};
		60C567461E696909003F3717 /* Release */ = {
			isa = XCBuildConfiguration;
			buildSettings = {
				ALWAYS_SEARCH_USER_PATHS = NO;
				CLANG_ANALYZER_NONNULL = YES;
				CLANG_CXX_LANGUAGE_STANDARD = "gnu++0x";
				CLANG_CXX_LIBRARY = "libc++";
				CLANG_ENABLE_MODULES = YES;
				CLANG_ENABLE_OBJC_ARC = YES;
				CLANG_WARN_BOOL_CONVERSION = YES;
				CLANG_WARN_CONSTANT_CONVERSION = YES;
				CLANG_WARN_DIRECT_OBJC_ISA_USAGE = YES_ERROR;
				CLANG_WARN_DOCUMENTATION_COMMENTS = YES;
				CLANG_WARN_EMPTY_BODY = YES;
				CLANG_WARN_ENUM_CONVERSION = YES;
				CLANG_WARN_INFINITE_RECURSION = YES;
				CLANG_WARN_INT_CONVERSION = YES;
				CLANG_WARN_OBJC_ROOT_CLASS = YES_ERROR;
				CLANG_WARN_SUSPICIOUS_MOVE = YES;
				CLANG_WARN_UNREACHABLE_CODE = YES;
				CLANG_WARN__DUPLICATE_METHOD_MATCH = YES;
				"CODE_SIGN_IDENTITY[sdk=iphoneos*]" = "iPhone Developer";
				COPY_PHASE_STRIP = NO;
				DEBUG_INFORMATION_FORMAT = "dwarf-with-dsym";
				ENABLE_NS_ASSERTIONS = NO;
				ENABLE_STRICT_OBJC_MSGSEND = YES;
				GCC_C_LANGUAGE_STANDARD = gnu99;
				GCC_NO_COMMON_BLOCKS = YES;
				GCC_WARN_64_TO_32_BIT_CONVERSION = YES;
				GCC_WARN_ABOUT_RETURN_TYPE = YES_ERROR;
				GCC_WARN_UNDECLARED_SELECTOR = YES;
				GCC_WARN_UNINITIALIZED_AUTOS = YES_AGGRESSIVE;
				GCC_WARN_UNUSED_FUNCTION = YES;
				GCC_WARN_UNUSED_VARIABLE = YES;
				IPHONEOS_DEPLOYMENT_TARGET = 10.2;
				MTL_ENABLE_DEBUG_INFO = NO;
				SDKROOT = iphoneos;
				SWIFT_OPTIMIZATION_LEVEL = "-Owholemodule";
				VALIDATE_PRODUCT = YES;
			};
			name = Release;
		};
		60C567481E696909003F3717 /* Debug */ = {
			isa = XCBuildConfiguration;
			buildSettings = {
				ASSETCATALOG_COMPILER_APPICON_NAME = AppIcon;
				"CODE_SIGN_IDENTITY[sdk=iphoneos*]" = "iPhone Developer";
				DEVELOPMENT_TEAM = XY2ER2LUTA;
				INFOPLIST_FILE = Snippet/Info.plist;
				LD_RUNPATH_SEARCH_PATHS = "$(inherited) @executable_path/Frameworks";
				PRODUCT_BUNDLE_IDENTIFIER = "VWUE9JZKY9.edu.Fr3qFly.-";
				PRODUCT_NAME = "$(TARGET_NAME)";
				SWIFT_VERSION = 3.0;
			};
			name = Debug;
		};
		60C567491E696909003F3717 /* Release */ = {
			isa = XCBuildConfiguration;
			buildSettings = {
				ASSETCATALOG_COMPILER_APPICON_NAME = AppIcon;
				"CODE_SIGN_IDENTITY[sdk=iphoneos*]" = "iPhone Developer";
				DEVELOPMENT_TEAM = XY2ER2LUTA;
				INFOPLIST_FILE = Snippet/Info.plist;
				LD_RUNPATH_SEARCH_PATHS = "$(inherited) @executable_path/Frameworks";
				PRODUCT_BUNDLE_IDENTIFIER = "VWUE9JZKY9.edu.Fr3qFly.-";
				PRODUCT_NAME = "$(TARGET_NAME)";
				SWIFT_VERSION = 3.0;
			};
			name = Release;
		};
/* End XCBuildConfiguration section */

/* Begin XCConfigurationList section */
		60C567301E696908003F3717 /* Build configuration list for PBXProject "Snippet" */ = {
			isa = XCConfigurationList;
			buildConfigurations = (
				60C567451E696909003F3717 /* Debug */,
				60C567461E696909003F3717 /* Release */,
			);
			defaultConfigurationIsVisible = 0;
			defaultConfigurationName = Release;
		};
		60C567471E696909003F3717 /* Build configuration list for PBXNativeTarget "Snippet" */ = {
			isa = XCConfigurationList;
			buildConfigurations = (
				60C567481E696909003F3717 /* Debug */,
				60C567491E696909003F3717 /* Release */,
			);
			defaultConfigurationIsVisible = 0;
			defaultConfigurationName = Release;
		};
/* End XCConfigurationList section */
	};
	rootObject = 60C5672D1E696908003F3717 /* Project object */;
}
